// !$*UTF8*$!
{
	archiveVersion = 1;
	classes = {
	};
	objectVersion = 46;
	objects = {

/* Begin PBXBuildFile section */
		C5052D911E98BF93007F7657 /* UITextField+MKAdd.m in Sources */ = {isa = PBXBuildFile; fileRef = C5052D901E98BF93007F7657 /* UITextField+MKAdd.m */; };
		C5063BD21ED576E70081B47D /* UIImageView+MKTapAdd.m in Sources */ = {isa = PBXBuildFile; fileRef = C5063BD11ED576E70081B47D /* UIImageView+MKTapAdd.m */; };
		C508AFCC1D950F4500852B87 /* UIView+MKAdd.m in Sources */ = {isa = PBXBuildFile; fileRef = C508AFCB1D950F4500852B87 /* UIView+MKAdd.m */; };
		C508AFCF1D951C5A00852B87 /* UITabBar+MKAdd.m in Sources */ = {isa = PBXBuildFile; fileRef = C508AFCE1D951C5A00852B87 /* UITabBar+MKAdd.m */; };
		C508AFD81D951D7C00852B87 /* UILabel+MKAdd.m in Sources */ = {isa = PBXBuildFile; fileRef = C508AFD51D951D7C00852B87 /* UILabel+MKAdd.m */; };
		C508AFD91D951D7C00852B87 /* UINavigationController+MKAdd.m in Sources */ = {isa = PBXBuildFile; fileRef = C508AFD71D951D7C00852B87 /* UINavigationController+MKAdd.m */; };
		C51317E61D93C97300EA9C9B /* MKToolsKit.h in CopyFiles */ = {isa = PBXBuildFile; fileRef = C51317E31D93C97300EA9C9B /* MKToolsKit.h */; };
		C515A5791D9CF24E00D7984E /* NSString+MKAdd.m in Sources */ = {isa = PBXBuildFile; fileRef = C515A5781D9CF24E00D7984E /* NSString+MKAdd.m */; };
		C515A5821D9CF33200D7984E /* Foundation+MKLog.m in Sources */ = {isa = PBXBuildFile; fileRef = C515A57B1D9CF33200D7984E /* Foundation+MKLog.m */; };
		C515A5831D9CF33200D7984E /* NSObject+MKAddProperty.m in Sources */ = {isa = PBXBuildFile; fileRef = C515A57D1D9CF33200D7984E /* NSObject+MKAddProperty.m */; };
		C515A5851D9CF33200D7984E /* UIImage+MKAdd.m in Sources */ = {isa = PBXBuildFile; fileRef = C515A5811D9CF33200D7984E /* UIImage+MKAdd.m */; };
		C518F41B1DAE85AB0003ED95 /* ImageIO.framework in Frameworks */ = {isa = PBXBuildFile; fileRef = C518F41A1DAE85AB0003ED95 /* ImageIO.framework */; };
		C518F41D1DAE85C60003ED95 /* UIKit.framework in Frameworks */ = {isa = PBXBuildFile; fileRef = C518F41C1DAE85C60003ED95 /* UIKit.framework */; };
		C518F41F1DAE85CE0003ED95 /* Security.framework in Frameworks */ = {isa = PBXBuildFile; fileRef = C518F41E1DAE85CE0003ED95 /* Security.framework */; };
		C518F4211DAE87720003ED95 /* Foundation.framework in Frameworks */ = {isa = PBXBuildFile; fileRef = C518F4201DAE87720003ED95 /* Foundation.framework */; };
		C518F4231DAE87910003ED95 /* CoreImage.framework in Frameworks */ = {isa = PBXBuildFile; fileRef = C518F4221DAE87910003ED95 /* CoreImage.framework */; };
		C518F4251DAE879F0003ED95 /* QuartzCore.framework in Frameworks */ = {isa = PBXBuildFile; fileRef = C518F4241DAE879F0003ED95 /* QuartzCore.framework */; };
		C518F4271DAE87A80003ED95 /* Accelerate.framework in Frameworks */ = {isa = PBXBuildFile; fileRef = C518F4261DAE87A80003ED95 /* Accelerate.framework */; };
		C518F4291DAE87EB0003ED95 /* AVFoundation.framework in Frameworks */ = {isa = PBXBuildFile; fileRef = C518F4281DAE87EB0003ED95 /* AVFoundation.framework */; };
		C5288D7F1DC6D6B100B87F48 /* MKDeviceHelper.m in Sources */ = {isa = PBXBuildFile; fileRef = C5288D781DC6D6B100B87F48 /* MKDeviceHelper.m */; };
		C5288D801DC6D6B100B87F48 /* MKFileHelper.m in Sources */ = {isa = PBXBuildFile; fileRef = C5288D7A1DC6D6B100B87F48 /* MKFileHelper.m */; };
		C5288D811DC6D6B100B87F48 /* MKImagePickerCtrHelper.m in Sources */ = {isa = PBXBuildFile; fileRef = C5288D7C1DC6D6B100B87F48 /* MKImagePickerCtrHelper.m */; };
		C5288D821DC6D6B100B87F48 /* MKUITools.m in Sources */ = {isa = PBXBuildFile; fileRef = C5288D7E1DC6D6B100B87F48 /* MKUITools.m */; };
		C5292F751E24748E00A752CC /* MKRightImageButton.m in Sources */ = {isa = PBXBuildFile; fileRef = C5292F721E24748E00A752CC /* MKRightImageButton.m */; };
		C5292F761E24748E00A752CC /* MKVButton.m in Sources */ = {isa = PBXBuildFile; fileRef = C5292F741E24748E00A752CC /* MKVButton.m */; };
		C52B5FE71DD19E85003BC011 /* NSObject+MKAdd.m in Sources */ = {isa = PBXBuildFile; fileRef = C52B5FE61DD19E85003BC011 /* NSObject+MKAdd.m */; };
		C53EFE1A1DCC2B9300EF5C39 /* MKBaseTabBarController.m in Sources */ = {isa = PBXBuildFile; fileRef = C53EFE191DCC2B9300EF5C39 /* MKBaseTabBarController.m */; };
		C54D1EDF1E6AB09500D124E0 /* UITableViewCell+MKAdd.m in Sources */ = {isa = PBXBuildFile; fileRef = C54D1EDE1E6AB09500D124E0 /* UITableViewCell+MKAdd.m */; };
		C55E0E641DD6100400FB663A /* NSDate+MKAdd.m in Sources */ = {isa = PBXBuildFile; fileRef = C55E0E631DD6100400FB663A /* NSDate+MKAdd.m */; };
		C56D310B1E23644900813D97 /* MKAlertView.m in Sources */ = {isa = PBXBuildFile; fileRef = C56D30F51E23644900813D97 /* MKAlertView.m */; };
		C56D310D1E23644900813D97 /* MKBaseWindowView.m in Sources */ = {isa = PBXBuildFile; fileRef = C56D30FA1E23644900813D97 /* MKBaseWindowView.m */; };
		C56D310E1E23644900813D97 /* MKBlurView.m in Sources */ = {isa = PBXBuildFile; fileRef = C56D30FD1E23644900813D97 /* MKBlurView.m */; };
		C56D310F1E23644900813D97 /* MKDatePickerView.m in Sources */ = {isa = PBXBuildFile; fileRef = C56D31001E23644900813D97 /* MKDatePickerView.m */; };
		C56D311D1E239A6800813D97 /* SSKeychain.m in Sources */ = {isa = PBXBuildFile; fileRef = C56D311C1E239A6800813D97 /* SSKeychain.m */; };
		C59DECD41DD01E5A00322D42 /* NSData+GZIP.m in Sources */ = {isa = PBXBuildFile; fileRef = C59DECD31DD01E5A00322D42 /* NSData+GZIP.m */; };
		C59DECD91DD0213A00322D42 /* UIView+Toast.m in Sources */ = {isa = PBXBuildFile; fileRef = C59DECD81DD0213A00322D42 /* UIView+Toast.m */; };
		C59DECE91DD045AE00322D42 /* MKDeviceAuthorizationHelper.m in Sources */ = {isa = PBXBuildFile; fileRef = C59DECE81DD045AE00322D42 /* MKDeviceAuthorizationHelper.m */; };
		C5AF0D461DB6081B00928660 /* UINavigationBar+MKAdd.m in Sources */ = {isa = PBXBuildFile; fileRef = C5AF0D451DB6081B00928660 /* UINavigationBar+MKAdd.m */; };
		C5EC60291DE2B92500174D93 /* NSDictionary+MKAdd.m in Sources */ = {isa = PBXBuildFile; fileRef = C5EC60281DE2B92500174D93 /* NSDictionary+MKAdd.m */; };
		C5F01F391EAF055600CB16DF /* MKAlertView+MKAdd.m in Sources */ = {isa = PBXBuildFile; fileRef = C5F01F381EAF055600CB16DF /* MKAlertView+MKAdd.m */; };
/* End PBXBuildFile section */

/* Begin PBXCopyFilesBuildPhase section */
		C51317DE1D93C97300EA9C9B /* CopyFiles */ = {
			isa = PBXCopyFilesBuildPhase;
			buildActionMask = 2147483647;
			dstPath = "include/$(PRODUCT_NAME)";
			dstSubfolderSpec = 16;
			files = (
				C51317E61D93C97300EA9C9B /* MKToolsKit.h in CopyFiles */,
			);
			runOnlyForDeploymentPostprocessing = 0;
		};
/* End PBXCopyFilesBuildPhase section */

/* Begin PBXFileReference section */
		C5052D8F1E98BF93007F7657 /* UITextField+MKAdd.h */ = {isa = PBXFileReference; fileEncoding = 4; lastKnownFileType = sourcecode.c.h; path = "UITextField+MKAdd.h"; sourceTree = "<group>"; };
		C5052D901E98BF93007F7657 /* UITextField+MKAdd.m */ = {isa = PBXFileReference; fileEncoding = 4; lastKnownFileType = sourcecode.c.objc; path = "UITextField+MKAdd.m"; sourceTree = "<group>"; };
		C5063BD01ED576E70081B47D /* UIImageView+MKTapAdd.h */ = {isa = PBXFileReference; fileEncoding = 4; lastKnownFileType = sourcecode.c.h; path = "UIImageView+MKTapAdd.h"; sourceTree = "<group>"; };
		C5063BD11ED576E70081B47D /* UIImageView+MKTapAdd.m */ = {isa = PBXFileReference; fileEncoding = 4; lastKnownFileType = sourcecode.c.objc; path = "UIImageView+MKTapAdd.m"; sourceTree = "<group>"; };
		C508AFCA1D950F4500852B87 /* UIView+MKAdd.h */ = {isa = PBXFileReference; fileEncoding = 4; lastKnownFileType = sourcecode.c.h; path = "UIView+MKAdd.h"; sourceTree = "<group>"; };
		C508AFCB1D950F4500852B87 /* UIView+MKAdd.m */ = {isa = PBXFileReference; fileEncoding = 4; lastKnownFileType = sourcecode.c.objc; path = "UIView+MKAdd.m"; sourceTree = "<group>"; };
		C508AFCD1D951C5A00852B87 /* UITabBar+MKAdd.h */ = {isa = PBXFileReference; fileEncoding = 4; lastKnownFileType = sourcecode.c.h; path = "UITabBar+MKAdd.h"; sourceTree = "<group>"; };
		C508AFCE1D951C5A00852B87 /* UITabBar+MKAdd.m */ = {isa = PBXFileReference; fileEncoding = 4; lastKnownFileType = sourcecode.c.objc; path = "UITabBar+MKAdd.m"; sourceTree = "<group>"; };
		C508AFD41D951D7C00852B87 /* UILabel+MKAdd.h */ = {isa = PBXFileReference; fileEncoding = 4; lastKnownFileType = sourcecode.c.h; path = "UILabel+MKAdd.h"; sourceTree = "<group>"; };
		C508AFD51D951D7C00852B87 /* UILabel+MKAdd.m */ = {isa = PBXFileReference; fileEncoding = 4; lastKnownFileType = sourcecode.c.objc; path = "UILabel+MKAdd.m"; sourceTree = "<group>"; };
		C508AFD61D951D7C00852B87 /* UINavigationController+MKAdd.h */ = {isa = PBXFileReference; fileEncoding = 4; lastKnownFileType = sourcecode.c.h; path = "UINavigationController+MKAdd.h"; sourceTree = "<group>"; };
		C508AFD71D951D7C00852B87 /* UINavigationController+MKAdd.m */ = {isa = PBXFileReference; fileEncoding = 4; lastKnownFileType = sourcecode.c.objc; path = "UINavigationController+MKAdd.m"; sourceTree = "<group>"; };
		C51317E01D93C97300EA9C9B /* libMKToolsKit.a */ = {isa = PBXFileReference; explicitFileType = archive.ar; includeInIndex = 0; path = libMKToolsKit.a; sourceTree = BUILT_PRODUCTS_DIR; };
		C51317E31D93C97300EA9C9B /* MKToolsKit.h */ = {isa = PBXFileReference; lastKnownFileType = sourcecode.c.h; path = MKToolsKit.h; sourceTree = "<group>"; };
		C515A5761D9CF0A600D7984E /* MKCategoryHead.h */ = {isa = PBXFileReference; fileEncoding = 4; lastKnownFileType = sourcecode.c.h; path = MKCategoryHead.h; sourceTree = "<group>"; };
		C515A5771D9CF24E00D7984E /* NSString+MKAdd.h */ = {isa = PBXFileReference; fileEncoding = 4; lastKnownFileType = sourcecode.c.h; path = "NSString+MKAdd.h"; sourceTree = "<group>"; };
		C515A5781D9CF24E00D7984E /* NSString+MKAdd.m */ = {isa = PBXFileReference; fileEncoding = 4; lastKnownFileType = sourcecode.c.objc; path = "NSString+MKAdd.m"; sourceTree = "<group>"; };
		C515A57A1D9CF33200D7984E /* Foundation+MKLog.h */ = {isa = PBXFileReference; fileEncoding = 4; lastKnownFileType = sourcecode.c.h; path = "Foundation+MKLog.h"; sourceTree = "<group>"; };
		C515A57B1D9CF33200D7984E /* Foundation+MKLog.m */ = {isa = PBXFileReference; fileEncoding = 4; lastKnownFileType = sourcecode.c.objc; path = "Foundation+MKLog.m"; sourceTree = "<group>"; };
		C515A57C1D9CF33200D7984E /* NSObject+MKAddProperty.h */ = {isa = PBXFileReference; fileEncoding = 4; lastKnownFileType = sourcecode.c.h; path = "NSObject+MKAddProperty.h"; sourceTree = "<group>"; };
		C515A57D1D9CF33200D7984E /* NSObject+MKAddProperty.m */ = {isa = PBXFileReference; fileEncoding = 4; lastKnownFileType = sourcecode.c.objc; path = "NSObject+MKAddProperty.m"; sourceTree = "<group>"; };
		C515A5801D9CF33200D7984E /* UIImage+MKAdd.h */ = {isa = PBXFileReference; fileEncoding = 4; lastKnownFileType = sourcecode.c.h; path = "UIImage+MKAdd.h"; sourceTree = "<group>"; };
		C515A5811D9CF33200D7984E /* UIImage+MKAdd.m */ = {isa = PBXFileReference; fileEncoding = 4; lastKnownFileType = sourcecode.c.objc; path = "UIImage+MKAdd.m"; sourceTree = "<group>"; };
		C518F41A1DAE85AB0003ED95 /* ImageIO.framework */ = {isa = PBXFileReference; lastKnownFileType = wrapper.framework; name = ImageIO.framework; path = System/Library/Frameworks/ImageIO.framework; sourceTree = SDKROOT; };
		C518F41C1DAE85C60003ED95 /* UIKit.framework */ = {isa = PBXFileReference; lastKnownFileType = wrapper.framework; name = UIKit.framework; path = System/Library/Frameworks/UIKit.framework; sourceTree = SDKROOT; };
		C518F41E1DAE85CE0003ED95 /* Security.framework */ = {isa = PBXFileReference; lastKnownFileType = wrapper.framework; name = Security.framework; path = System/Library/Frameworks/Security.framework; sourceTree = SDKROOT; };
		C518F4201DAE87720003ED95 /* Foundation.framework */ = {isa = PBXFileReference; lastKnownFileType = wrapper.framework; name = Foundation.framework; path = System/Library/Frameworks/Foundation.framework; sourceTree = SDKROOT; };
		C518F4221DAE87910003ED95 /* CoreImage.framework */ = {isa = PBXFileReference; lastKnownFileType = wrapper.framework; name = CoreImage.framework; path = System/Library/Frameworks/CoreImage.framework; sourceTree = SDKROOT; };
		C518F4241DAE879F0003ED95 /* QuartzCore.framework */ = {isa = PBXFileReference; lastKnownFileType = wrapper.framework; name = QuartzCore.framework; path = System/Library/Frameworks/QuartzCore.framework; sourceTree = SDKROOT; };
		C518F4261DAE87A80003ED95 /* Accelerate.framework */ = {isa = PBXFileReference; lastKnownFileType = wrapper.framework; name = Accelerate.framework; path = System/Library/Frameworks/Accelerate.framework; sourceTree = SDKROOT; };
		C518F4281DAE87EB0003ED95 /* AVFoundation.framework */ = {isa = PBXFileReference; lastKnownFileType = wrapper.framework; name = AVFoundation.framework; path = System/Library/Frameworks/AVFoundation.framework; sourceTree = SDKROOT; };
		C5288D771DC6D6B100B87F48 /* MKDeviceHelper.h */ = {isa = PBXFileReference; fileEncoding = 4; lastKnownFileType = sourcecode.c.h; path = MKDeviceHelper.h; sourceTree = "<group>"; };
		C5288D781DC6D6B100B87F48 /* MKDeviceHelper.m */ = {isa = PBXFileReference; fileEncoding = 4; lastKnownFileType = sourcecode.c.objc; path = MKDeviceHelper.m; sourceTree = "<group>"; };
		C5288D791DC6D6B100B87F48 /* MKFileHelper.h */ = {isa = PBXFileReference; fileEncoding = 4; lastKnownFileType = sourcecode.c.h; path = MKFileHelper.h; sourceTree = "<group>"; };
		C5288D7A1DC6D6B100B87F48 /* MKFileHelper.m */ = {isa = PBXFileReference; fileEncoding = 4; lastKnownFileType = sourcecode.c.objc; path = MKFileHelper.m; sourceTree = "<group>"; };
		C5288D7B1DC6D6B100B87F48 /* MKImagePickerCtrHelper.h */ = {isa = PBXFileReference; fileEncoding = 4; lastKnownFileType = sourcecode.c.h; path = MKImagePickerCtrHelper.h; sourceTree = "<group>"; };
		C5288D7C1DC6D6B100B87F48 /* MKImagePickerCtrHelper.m */ = {isa = PBXFileReference; fileEncoding = 4; lastKnownFileType = sourcecode.c.objc; path = MKImagePickerCtrHelper.m; sourceTree = "<group>"; };
		C5288D7D1DC6D6B100B87F48 /* MKUITools.h */ = {isa = PBXFileReference; fileEncoding = 4; lastKnownFileType = sourcecode.c.h; path = MKUITools.h; sourceTree = "<group>"; };
		C5288D7E1DC6D6B100B87F48 /* MKUITools.m */ = {isa = PBXFileReference; fileEncoding = 4; lastKnownFileType = sourcecode.c.objc; path = MKUITools.m; sourceTree = "<group>"; };
		C5288D831DC6D7C300B87F48 /* MKConst.h */ = {isa = PBXFileReference; fileEncoding = 4; lastKnownFileType = sourcecode.c.h; path = MKConst.h; sourceTree = "<group>"; };
		C5292F711E24748E00A752CC /* MKRightImageButton.h */ = {isa = PBXFileReference; fileEncoding = 4; lastKnownFileType = sourcecode.c.h; path = MKRightImageButton.h; sourceTree = "<group>"; };
		C5292F721E24748E00A752CC /* MKRightImageButton.m */ = {isa = PBXFileReference; fileEncoding = 4; lastKnownFileType = sourcecode.c.objc; path = MKRightImageButton.m; sourceTree = "<group>"; };
		C5292F731E24748E00A752CC /* MKVButton.h */ = {isa = PBXFileReference; fileEncoding = 4; lastKnownFileType = sourcecode.c.h; path = MKVButton.h; sourceTree = "<group>"; };
		C5292F741E24748E00A752CC /* MKVButton.m */ = {isa = PBXFileReference; fileEncoding = 4; lastKnownFileType = sourcecode.c.objc; path = MKVButton.m; sourceTree = "<group>"; };
		C52B5FE51DD19E85003BC011 /* NSObject+MKAdd.h */ = {isa = PBXFileReference; fileEncoding = 4; lastKnownFileType = sourcecode.c.h; path = "NSObject+MKAdd.h"; sourceTree = "<group>"; };
		C52B5FE61DD19E85003BC011 /* NSObject+MKAdd.m */ = {isa = PBXFileReference; fileEncoding = 4; lastKnownFileType = sourcecode.c.objc; path = "NSObject+MKAdd.m"; sourceTree = "<group>"; };
		C53EFE181DCC2B9300EF5C39 /* MKBaseTabBarController.h */ = {isa = PBXFileReference; fileEncoding = 4; lastKnownFileType = sourcecode.c.h; path = MKBaseTabBarController.h; sourceTree = "<group>"; };
		C53EFE191DCC2B9300EF5C39 /* MKBaseTabBarController.m */ = {isa = PBXFileReference; fileEncoding = 4; lastKnownFileType = sourcecode.c.objc; path = MKBaseTabBarController.m; sourceTree = "<group>"; };
		C54D1EDD1E6AB09500D124E0 /* UITableViewCell+MKAdd.h */ = {isa = PBXFileReference; fileEncoding = 4; lastKnownFileType = sourcecode.c.h; path = "UITableViewCell+MKAdd.h"; sourceTree = "<group>"; };
		C54D1EDE1E6AB09500D124E0 /* UITableViewCell+MKAdd.m */ = {isa = PBXFileReference; fileEncoding = 4; lastKnownFileType = sourcecode.c.objc; path = "UITableViewCell+MKAdd.m"; sourceTree = "<group>"; };
		C55E0E621DD6100400FB663A /* NSDate+MKAdd.h */ = {isa = PBXFileReference; fileEncoding = 4; lastKnownFileType = sourcecode.c.h; path = "NSDate+MKAdd.h"; sourceTree = "<group>"; };
		C55E0E631DD6100400FB663A /* NSDate+MKAdd.m */ = {isa = PBXFileReference; fileEncoding = 4; lastKnownFileType = sourcecode.c.objc; path = "NSDate+MKAdd.m"; sourceTree = "<group>"; };
		C56D30F41E23644900813D97 /* MKAlertView.h */ = {isa = PBXFileReference; fileEncoding = 4; lastKnownFileType = sourcecode.c.h; path = MKAlertView.h; sourceTree = "<group>"; };
		C56D30F51E23644900813D97 /* MKAlertView.m */ = {isa = PBXFileReference; fileEncoding = 4; lastKnownFileType = sourcecode.c.objc; path = MKAlertView.m; sourceTree = "<group>"; };
		C56D30F91E23644900813D97 /* MKBaseWindowView.h */ = {isa = PBXFileReference; fileEncoding = 4; lastKnownFileType = sourcecode.c.h; path = MKBaseWindowView.h; sourceTree = "<group>"; };
		C56D30FA1E23644900813D97 /* MKBaseWindowView.m */ = {isa = PBXFileReference; fileEncoding = 4; lastKnownFileType = sourcecode.c.objc; path = MKBaseWindowView.m; sourceTree = "<group>"; };
		C56D30FC1E23644900813D97 /* MKBlurView.h */ = {isa = PBXFileReference; fileEncoding = 4; lastKnownFileType = sourcecode.c.h; path = MKBlurView.h; sourceTree = "<group>"; };
		C56D30FD1E23644900813D97 /* MKBlurView.m */ = {isa = PBXFileReference; fileEncoding = 4; lastKnownFileType = sourcecode.c.objc; path = MKBlurView.m; sourceTree = "<group>"; };
		C56D30FF1E23644900813D97 /* MKDatePickerView.h */ = {isa = PBXFileReference; fileEncoding = 4; lastKnownFileType = sourcecode.c.h; path = MKDatePickerView.h; sourceTree = "<group>"; };
		C56D31001E23644900813D97 /* MKDatePickerView.m */ = {isa = PBXFileReference; fileEncoding = 4; lastKnownFileType = sourcecode.c.objc; path = MKDatePickerView.m; sourceTree = "<group>"; };
		C56D311B1E239A6800813D97 /* SSKeychain.h */ = {isa = PBXFileReference; fileEncoding = 4; lastKnownFileType = sourcecode.c.h; path = SSKeychain.h; sourceTree = "<group>"; };
		C56D311C1E239A6800813D97 /* SSKeychain.m */ = {isa = PBXFileReference; fileEncoding = 4; lastKnownFileType = sourcecode.c.objc; path = SSKeychain.m; sourceTree = "<group>"; };
		C59DECD11DD01E5A00322D42 /* GZIP.h */ = {isa = PBXFileReference; fileEncoding = 4; lastKnownFileType = sourcecode.c.h; path = GZIP.h; sourceTree = "<group>"; };
		C59DECD21DD01E5A00322D42 /* NSData+GZIP.h */ = {isa = PBXFileReference; fileEncoding = 4; lastKnownFileType = sourcecode.c.h; path = "NSData+GZIP.h"; sourceTree = "<group>"; };
		C59DECD31DD01E5A00322D42 /* NSData+GZIP.m */ = {isa = PBXFileReference; fileEncoding = 4; lastKnownFileType = sourcecode.c.objc; path = "NSData+GZIP.m"; sourceTree = "<group>"; };
		C59DECD71DD0213A00322D42 /* UIView+Toast.h */ = {isa = PBXFileReference; fileEncoding = 4; lastKnownFileType = sourcecode.c.h; path = "UIView+Toast.h"; sourceTree = "<group>"; };
		C59DECD81DD0213A00322D42 /* UIView+Toast.m */ = {isa = PBXFileReference; fileEncoding = 4; lastKnownFileType = sourcecode.c.objc; path = "UIView+Toast.m"; sourceTree = "<group>"; };
		C59DECE71DD045AE00322D42 /* MKDeviceAuthorizationHelper.h */ = {isa = PBXFileReference; fileEncoding = 4; lastKnownFileType = sourcecode.c.h; path = MKDeviceAuthorizationHelper.h; sourceTree = "<group>"; };
		C59DECE81DD045AE00322D42 /* MKDeviceAuthorizationHelper.m */ = {isa = PBXFileReference; fileEncoding = 4; lastKnownFileType = sourcecode.c.objc; path = MKDeviceAuthorizationHelper.m; sourceTree = "<group>"; };
		C5AF0D441DB6081B00928660 /* UINavigationBar+MKAdd.h */ = {isa = PBXFileReference; fileEncoding = 4; lastKnownFileType = sourcecode.c.h; path = "UINavigationBar+MKAdd.h"; sourceTree = "<group>"; };
		C5AF0D451DB6081B00928660 /* UINavigationBar+MKAdd.m */ = {isa = PBXFileReference; fileEncoding = 4; lastKnownFileType = sourcecode.c.objc; path = "UINavigationBar+MKAdd.m"; sourceTree = "<group>"; };
		C5EC60271DE2B92500174D93 /* NSDictionary+MKAdd.h */ = {isa = PBXFileReference; fileEncoding = 4; lastKnownFileType = sourcecode.c.h; path = "NSDictionary+MKAdd.h"; sourceTree = "<group>"; };
		C5EC60281DE2B92500174D93 /* NSDictionary+MKAdd.m */ = {isa = PBXFileReference; fileEncoding = 4; lastKnownFileType = sourcecode.c.objc; path = "NSDictionary+MKAdd.m"; sourceTree = "<group>"; };
		C5F01F371EAF055600CB16DF /* MKAlertView+MKAdd.h */ = {isa = PBXFileReference; fileEncoding = 4; lastKnownFileType = sourcecode.c.h; path = "MKAlertView+MKAdd.h"; sourceTree = "<group>"; };
		C5F01F381EAF055600CB16DF /* MKAlertView+MKAdd.m */ = {isa = PBXFileReference; fileEncoding = 4; lastKnownFileType = sourcecode.c.objc; path = "MKAlertView+MKAdd.m"; sourceTree = "<group>"; };
/* End PBXFileReference section */

/* Begin PBXFrameworksBuildPhase section */
		C51317DD1D93C97300EA9C9B /* Frameworks */ = {
			isa = PBXFrameworksBuildPhase;
			buildActionMask = 2147483647;
			files = (
				C518F4291DAE87EB0003ED95 /* AVFoundation.framework in Frameworks */,
				C518F4271DAE87A80003ED95 /* Accelerate.framework in Frameworks */,
				C518F4251DAE879F0003ED95 /* QuartzCore.framework in Frameworks */,
				C518F4231DAE87910003ED95 /* CoreImage.framework in Frameworks */,
				C518F4211DAE87720003ED95 /* Foundation.framework in Frameworks */,
				C518F41F1DAE85CE0003ED95 /* Security.framework in Frameworks */,
				C518F41D1DAE85C60003ED95 /* UIKit.framework in Frameworks */,
				C518F41B1DAE85AB0003ED95 /* ImageIO.framework in Frameworks */,
			);
			runOnlyForDeploymentPostprocessing = 0;
		};
/* End PBXFrameworksBuildPhase section */

/* Begin PBXGroup section */
		C508AFC81D94F4B900852B87 /* Category */ = {
			isa = PBXGroup;
			children = (
				C515A57A1D9CF33200D7984E /* Foundation+MKLog.h */,
				C515A57B1D9CF33200D7984E /* Foundation+MKLog.m */,
				C515A5761D9CF0A600D7984E /* MKCategoryHead.h */,
				C55E0E621DD6100400FB663A /* NSDate+MKAdd.h */,
				C55E0E631DD6100400FB663A /* NSDate+MKAdd.m */,
				C5EC60271DE2B92500174D93 /* NSDictionary+MKAdd.h */,
				C5EC60281DE2B92500174D93 /* NSDictionary+MKAdd.m */,
				C52B5FE51DD19E85003BC011 /* NSObject+MKAdd.h */,
				C52B5FE61DD19E85003BC011 /* NSObject+MKAdd.m */,
				C515A57C1D9CF33200D7984E /* NSObject+MKAddProperty.h */,
				C515A57D1D9CF33200D7984E /* NSObject+MKAddProperty.m */,
				C515A5771D9CF24E00D7984E /* NSString+MKAdd.h */,
				C515A5781D9CF24E00D7984E /* NSString+MKAdd.m */,
				C515A5801D9CF33200D7984E /* UIImage+MKAdd.h */,
				C515A5811D9CF33200D7984E /* UIImage+MKAdd.m */,
				C5063BD01ED576E70081B47D /* UIImageView+MKTapAdd.h */,
				C5063BD11ED576E70081B47D /* UIImageView+MKTapAdd.m */,
				C508AFD41D951D7C00852B87 /* UILabel+MKAdd.h */,
				C508AFD51D951D7C00852B87 /* UILabel+MKAdd.m */,
				C5AF0D441DB6081B00928660 /* UINavigationBar+MKAdd.h */,
				C5AF0D451DB6081B00928660 /* UINavigationBar+MKAdd.m */,
				C508AFD61D951D7C00852B87 /* UINavigationController+MKAdd.h */,
				C508AFD71D951D7C00852B87 /* UINavigationController+MKAdd.m */,
				C508AFCD1D951C5A00852B87 /* UITabBar+MKAdd.h */,
				C508AFCE1D951C5A00852B87 /* UITabBar+MKAdd.m */,
				C54D1EDD1E6AB09500D124E0 /* UITableViewCell+MKAdd.h */,
				C54D1EDE1E6AB09500D124E0 /* UITableViewCell+MKAdd.m */,
				C5052D8F1E98BF93007F7657 /* UITextField+MKAdd.h */,
				C5052D901E98BF93007F7657 /* UITextField+MKAdd.m */,
				C508AFCA1D950F4500852B87 /* UIView+MKAdd.h */,
				C508AFCB1D950F4500852B87 /* UIView+MKAdd.m */,
			);
			path = Category;
			sourceTree = "<group>";
		};
		C51317D71D93C97300EA9C9B = {
			isa = PBXGroup;
			children = (
				C51317E21D93C97300EA9C9B /* MKToolsKit */,
				C51317E11D93C97300EA9C9B /* Products */,
				C518F4191DAE85AB0003ED95 /* Frameworks */,
			);
			sourceTree = "<group>";
		};
		C51317E11D93C97300EA9C9B /* Products */ = {
			isa = PBXGroup;
			children = (
				C51317E01D93C97300EA9C9B /* libMKToolsKit.a */,
			);
			name = Products;
			sourceTree = "<group>";
		};
		C51317E21D93C97300EA9C9B /* MKToolsKit */ = {
			isa = PBXGroup;
			children = (
				C5288D831DC6D7C300B87F48 /* MKConst.h */,
				C51317E31D93C97300EA9C9B /* MKToolsKit.h */,
				C53EFE171DCC2B6700EF5C39 /* BaseClass */,
				C508AFC81D94F4B900852B87 /* Category */,
				C5288D761DC6D6B100B87F48 /* MKHelper */,
				C56D30F21E23644900813D97 /* MKSubassembly */,
				C59DECC91DD01D1B00322D42 /* Vendor */,
			);
			path = MKToolsKit;
			sourceTree = "<group>";
		};
		C518F4191DAE85AB0003ED95 /* Frameworks */ = {
			isa = PBXGroup;
			children = (
				C518F4261DAE87A80003ED95 /* Accelerate.framework */,
				C518F4281DAE87EB0003ED95 /* AVFoundation.framework */,
				C518F4221DAE87910003ED95 /* CoreImage.framework */,
				C518F4201DAE87720003ED95 /* Foundation.framework */,
				C518F41A1DAE85AB0003ED95 /* ImageIO.framework */,
				C518F4241DAE879F0003ED95 /* QuartzCore.framework */,
				C518F41E1DAE85CE0003ED95 /* Security.framework */,
				C518F41C1DAE85C60003ED95 /* UIKit.framework */,
			);
			name = Frameworks;
			sourceTree = "<group>";
		};
		C5288D761DC6D6B100B87F48 /* MKHelper */ = {
			isa = PBXGroup;
			children = (
				C59DECE71DD045AE00322D42 /* MKDeviceAuthorizationHelper.h */,
				C59DECE81DD045AE00322D42 /* MKDeviceAuthorizationHelper.m */,
				C5288D771DC6D6B100B87F48 /* MKDeviceHelper.h */,
				C5288D781DC6D6B100B87F48 /* MKDeviceHelper.m */,
				C5288D791DC6D6B100B87F48 /* MKFileHelper.h */,
				C5288D7A1DC6D6B100B87F48 /* MKFileHelper.m */,
				C5288D7B1DC6D6B100B87F48 /* MKImagePickerCtrHelper.h */,
				C5288D7C1DC6D6B100B87F48 /* MKImagePickerCtrHelper.m */,
				C5288D7D1DC6D6B100B87F48 /* MKUITools.h */,
				C5288D7E1DC6D6B100B87F48 /* MKUITools.m */,
			);
			path = MKHelper;
			sourceTree = "<group>";
		};
		C5292F701E24748E00A752CC /* MKButton */ = {
			isa = PBXGroup;
			children = (
				C5292F711E24748E00A752CC /* MKRightImageButton.h */,
				C5292F721E24748E00A752CC /* MKRightImageButton.m */,
				C5292F731E24748E00A752CC /* MKVButton.h */,
				C5292F741E24748E00A752CC /* MKVButton.m */,
			);
			path = MKButton;
			sourceTree = "<group>";
		};
		C53EFE171DCC2B6700EF5C39 /* BaseClass */ = {
			isa = PBXGroup;
			children = (
				C53EFE181DCC2B9300EF5C39 /* MKBaseTabBarController.h */,
				C53EFE191DCC2B9300EF5C39 /* MKBaseTabBarController.m */,
			);
			path = BaseClass;
			sourceTree = "<group>";
		};
		C56D30F21E23644900813D97 /* MKSubassembly */ = {
			isa = PBXGroup;
			children = (
				C56D30F31E23644900813D97 /* MKAlertView */,
				C56D30F81E23644900813D97 /* MKBaseWindowView */,
				C56D30FB1E23644900813D97 /* MKBlurView */,
				C5292F701E24748E00A752CC /* MKButton */,
				C56D30FE1E23644900813D97 /* MKDatePickerView */,
			);
			path = MKSubassembly;
			sourceTree = "<group>";
		};
		C56D30F31E23644900813D97 /* MKAlertView */ = {
			isa = PBXGroup;
			children = (
				C56D30F41E23644900813D97 /* MKAlertView.h */,
				C56D30F51E23644900813D97 /* MKAlertView.m */,
				C5F01F371EAF055600CB16DF /* MKAlertView+MKAdd.h */,
				C5F01F381EAF055600CB16DF /* MKAlertView+MKAdd.m */,
			);
			path = MKAlertView;
			sourceTree = "<group>";
		};
		C56D30F81E23644900813D97 /* MKBaseWindowView */ = {
			isa = PBXGroup;
			children = (
				C56D30F91E23644900813D97 /* MKBaseWindowView.h */,
				C56D30FA1E23644900813D97 /* MKBaseWindowView.m */,
			);
			path = MKBaseWindowView;
			sourceTree = "<group>";
		};
		C56D30FB1E23644900813D97 /* MKBlurView */ = {
			isa = PBXGroup;
			children = (
				C56D30FC1E23644900813D97 /* MKBlurView.h */,
				C56D30FD1E23644900813D97 /* MKBlurView.m */,
			);
			path = MKBlurView;
			sourceTree = "<group>";
		};
		C56D30FE1E23644900813D97 /* MKDatePickerView */ = {
			isa = PBXGroup;
			children = (
				C56D30FF1E23644900813D97 /* MKDatePickerView.h */,
				C56D31001E23644900813D97 /* MKDatePickerView.m */,
			);
			path = MKDatePickerView;
			sourceTree = "<group>";
		};
		C56D311A1E239A6800813D97 /* SSKeychain */ = {
			isa = PBXGroup;
			children = (
				C56D311B1E239A6800813D97 /* SSKeychain.h */,
				C56D311C1E239A6800813D97 /* SSKeychain.m */,
			);
			path = SSKeychain;
			sourceTree = "<group>";
		};
		C59DECC91DD01D1B00322D42 /* Vendor */ = {
			isa = PBXGroup;
			children = (
				C59DECD01DD01E5A00322D42 /* GZIP */,
				C56D311A1E239A6800813D97 /* SSKeychain */,
				C59DECD61DD0213A00322D42 /* Toast */,
			);
			path = Vendor;
			sourceTree = "<group>";
		};
		C59DECD01DD01E5A00322D42 /* GZIP */ = {
			isa = PBXGroup;
			children = (
				C59DECD11DD01E5A00322D42 /* GZIP.h */,
				C59DECD21DD01E5A00322D42 /* NSData+GZIP.h */,
				C59DECD31DD01E5A00322D42 /* NSData+GZIP.m */,
			);
			path = GZIP;
			sourceTree = "<group>";
		};
		C59DECD61DD0213A00322D42 /* Toast */ = {
			isa = PBXGroup;
			children = (
				C59DECD71DD0213A00322D42 /* UIView+Toast.h */,
				C59DECD81DD0213A00322D42 /* UIView+Toast.m */,
			);
			path = Toast;
			sourceTree = "<group>";
		};
/* End PBXGroup section */

/* Begin PBXNativeTarget section */
		C51317DF1D93C97300EA9C9B /* MKToolsKit */ = {
			isa = PBXNativeTarget;
			buildConfigurationList = C51317E91D93C97300EA9C9B /* Build configuration list for PBXNativeTarget "MKToolsKit" */;
			buildPhases = (
				C51317DC1D93C97300EA9C9B /* Sources */,
				C51317DD1D93C97300EA9C9B /* Frameworks */,
				C51317DE1D93C97300EA9C9B /* CopyFiles */,
			);
			buildRules = (
			);
			dependencies = (
			);
			name = MKToolsKit;
			productName = MKToolsKit;
			productReference = C51317E01D93C97300EA9C9B /* libMKToolsKit.a */;
			productType = "com.apple.product-type.library.static";
		};
/* End PBXNativeTarget section */

/* Begin PBXProject section */
		C51317D81D93C97300EA9C9B /* Project object */ = {
			isa = PBXProject;
			attributes = {
				LastUpgradeCheck = 0820;
				ORGANIZATIONNAME = mk;
				TargetAttributes = {
					C51317DF1D93C97300EA9C9B = {
						CreatedOnToolsVersion = 8.0;
						ProvisioningStyle = Automatic;
					};
				};
			};
			buildConfigurationList = C51317DB1D93C97300EA9C9B /* Build configuration list for PBXProject "MKToolsKit" */;
			compatibilityVersion = "Xcode 3.2";
			developmentRegion = English;
			hasScannedForEncodings = 0;
			knownRegions = (
				en,
			);
			mainGroup = C51317D71D93C97300EA9C9B;
			productRefGroup = C51317E11D93C97300EA9C9B /* Products */;
			projectDirPath = "";
			projectRoot = "";
			targets = (
				C51317DF1D93C97300EA9C9B /* MKToolsKit */,
			);
		};
/* End PBXProject section */

/* Begin PBXSourcesBuildPhase section */
		C51317DC1D93C97300EA9C9B /* Sources */ = {
			isa = PBXSourcesBuildPhase;
			buildActionMask = 2147483647;
			files = (
				C52B5FE71DD19E85003BC011 /* NSObject+MKAdd.m in Sources */,
				C59DECD41DD01E5A00322D42 /* NSData+GZIP.m in Sources */,
				C59DECE91DD045AE00322D42 /* MKDeviceAuthorizationHelper.m in Sources */,
				C53EFE1A1DCC2B9300EF5C39 /* MKBaseTabBarController.m in Sources */,
				C56D310F1E23644900813D97 /* MKDatePickerView.m in Sources */,
				C56D311D1E239A6800813D97 /* SSKeychain.m in Sources */,
				C508AFCF1D951C5A00852B87 /* UITabBar+MKAdd.m in Sources */,
				C5292F751E24748E00A752CC /* MKRightImageButton.m in Sources */,
				C5288D821DC6D6B100B87F48 /* MKUITools.m in Sources */,
				C5288D801DC6D6B100B87F48 /* MKFileHelper.m in Sources */,
				C59DECD91DD0213A00322D42 /* UIView+Toast.m in Sources */,
				C5F01F391EAF055600CB16DF /* MKAlertView+MKAdd.m in Sources */,
				C5288D811DC6D6B100B87F48 /* MKImagePickerCtrHelper.m in Sources */,
				C515A5821D9CF33200D7984E /* Foundation+MKLog.m in Sources */,
				C508AFD91D951D7C00852B87 /* UINavigationController+MKAdd.m in Sources */,
				C508AFD81D951D7C00852B87 /* UILabel+MKAdd.m in Sources */,
				C5292F761E24748E00A752CC /* MKVButton.m in Sources */,
				C5AF0D461DB6081B00928660 /* UINavigationBar+MKAdd.m in Sources */,
				C515A5851D9CF33200D7984E /* UIImage+MKAdd.m in Sources */,
				C5052D911E98BF93007F7657 /* UITextField+MKAdd.m in Sources */,
				C55E0E641DD6100400FB663A /* NSDate+MKAdd.m in Sources */,
				C5288D7F1DC6D6B100B87F48 /* MKDeviceHelper.m in Sources */,
				C508AFCC1D950F4500852B87 /* UIView+MKAdd.m in Sources */,
				C515A5791D9CF24E00D7984E /* NSString+MKAdd.m in Sources */,
				C515A5831D9CF33200D7984E /* NSObject+MKAddProperty.m in Sources */,
				C54D1EDF1E6AB09500D124E0 /* UITableViewCell+MKAdd.m in Sources */,
				C56D310E1E23644900813D97 /* MKBlurView.m in Sources */,
				C56D310D1E23644900813D97 /* MKBaseWindowView.m in Sources */,
				C5EC60291DE2B92500174D93 /* NSDictionary+MKAdd.m in Sources */,
				C5063BD21ED576E70081B47D /* UIImageView+MKTapAdd.m in Sources */,
				C56D310B1E23644900813D97 /* MKAlertView.m in Sources */,
			);
			runOnlyForDeploymentPostprocessing = 0;
		};
/* End PBXSourcesBuildPhase section */

/* Begin XCBuildConfiguration section */
		C51317E71D93C97300EA9C9B /* Debug */ = {
			isa = XCBuildConfiguration;
			buildSettings = {
				ALWAYS_SEARCH_USER_PATHS = NO;
				CLANG_ANALYZER_NONNULL = YES;
				CLANG_CXX_LANGUAGE_STANDARD = "gnu++0x";
				CLANG_CXX_LIBRARY = "libc++";
				CLANG_ENABLE_MODULES = YES;
				CLANG_ENABLE_OBJC_ARC = YES;
				CLANG_WARN_BOOL_CONVERSION = YES;
				CLANG_WARN_CONSTANT_CONVERSION = YES;
				CLANG_WARN_DIRECT_OBJC_ISA_USAGE = YES_ERROR;
				CLANG_WARN_DOCUMENTATION_COMMENTS = YES;
				CLANG_WARN_EMPTY_BODY = YES;
				CLANG_WARN_ENUM_CONVERSION = YES;
				CLANG_WARN_INFINITE_RECURSION = YES;
				CLANG_WARN_INT_CONVERSION = YES;
				CLANG_WARN_OBJC_ROOT_CLASS = YES_ERROR;
				CLANG_WARN_SUSPICIOUS_MOVE = YES;
				CLANG_WARN_SUSPICIOUS_MOVES = YES;
				CLANG_WARN_UNREACHABLE_CODE = YES;
				CLANG_WARN__DUPLICATE_METHOD_MATCH = YES;
				"CODE_SIGN_IDENTITY[sdk=iphoneos*]" = "iPhone Developer";
				COPY_PHASE_STRIP = NO;
				DEBUG_INFORMATION_FORMAT = dwarf;
				ENABLE_STRICT_OBJC_MSGSEND = YES;
				ENABLE_TESTABILITY = YES;
				GCC_C_LANGUAGE_STANDARD = gnu99;
				GCC_DYNAMIC_NO_PIC = NO;
				GCC_NO_COMMON_BLOCKS = YES;
				GCC_OPTIMIZATION_LEVEL = 0;
				GCC_PREPROCESSOR_DEFINITIONS = (
					"DEBUG=1",
					"$(inherited)",
				);
				GCC_WARN_64_TO_32_BIT_CONVERSION = YES;
				GCC_WARN_ABOUT_RETURN_TYPE = YES_ERROR;
				GCC_WARN_UNDECLARED_SELECTOR = YES;
				GCC_WARN_UNINITIALIZED_AUTOS = YES_AGGRESSIVE;
				GCC_WARN_UNUSED_FUNCTION = YES;
				GCC_WARN_UNUSED_VARIABLE = YES;
				IPHONEOS_DEPLOYMENT_TARGET = 8.0;
				MTL_ENABLE_DEBUG_INFO = YES;
				ONLY_ACTIVE_ARCH = YES;
				SDKROOT = iphoneos;
			};
			name = Debug;
		};
		C51317E81D93C97300EA9C9B /* Release */ = {
			isa = XCBuildConfiguration;
			buildSettings = {
				ALWAYS_SEARCH_USER_PATHS = NO;
				CLANG_ANALYZER_NONNULL = YES;
				CLANG_CXX_LANGUAGE_STANDARD = "gnu++0x";
				CLANG_CXX_LIBRARY = "libc++";
				CLANG_ENABLE_MODULES = YES;
				CLANG_ENABLE_OBJC_ARC = YES;
				CLANG_WARN_BOOL_CONVERSION = YES;
				CLANG_WARN_CONSTANT_CONVERSION = YES;
				CLANG_WARN_DIRECT_OBJC_ISA_USAGE = YES_ERROR;
				CLANG_WARN_DOCUMENTATION_COMMENTS = YES;
				CLANG_WARN_EMPTY_BODY = YES;
				CLANG_WARN_ENUM_CONVERSION = YES;
				CLANG_WARN_INFINITE_RECURSION = YES;
				CLANG_WARN_INT_CONVERSION = YES;
				CLANG_WARN_OBJC_ROOT_CLASS = YES_ERROR;
				CLANG_WARN_SUSPICIOUS_MOVE = YES;
				CLANG_WARN_SUSPICIOUS_MOVES = YES;
				CLANG_WARN_UNREACHABLE_CODE = YES;
				CLANG_WARN__DUPLICATE_METHOD_MATCH = YES;
				"CODE_SIGN_IDENTITY[sdk=iphoneos*]" = "iPhone Developer";
				COPY_PHASE_STRIP = NO;
				DEBUG_INFORMATION_FORMAT = "dwarf-with-dsym";
				ENABLE_NS_ASSERTIONS = NO;
				ENABLE_STRICT_OBJC_MSGSEND = YES;
				GCC_C_LANGUAGE_STANDARD = gnu99;
				GCC_NO_COMMON_BLOCKS = YES;
				GCC_WARN_64_TO_32_BIT_CONVERSION = YES;
				GCC_WARN_ABOUT_RETURN_TYPE = YES_ERROR;
				GCC_WARN_UNDECLARED_SELECTOR = YES;
				GCC_WARN_UNINITIALIZED_AUTOS = YES_AGGRESSIVE;
				GCC_WARN_UNUSED_FUNCTION = YES;
				GCC_WARN_UNUSED_VARIABLE = YES;
				IPHONEOS_DEPLOYMENT_TARGET = 8.0;
				MTL_ENABLE_DEBUG_INFO = NO;
				SDKROOT = iphoneos;
				VALIDATE_PRODUCT = YES;
			};
			name = Release;
		};
		C51317EA1D93C97300EA9C9B /* Debug */ = {
			isa = XCBuildConfiguration;
			buildSettings = {
				OTHER_LDFLAGS = "-ObjC";
				PRODUCT_NAME = "$(TARGET_NAME)";
				SKIP_INSTALL = YES;
			};
			name = Debug;
		};
		C51317EB1D93C97300EA9C9B /* Release */ = {
			isa = XCBuildConfiguration;
			buildSettings = {
				OTHER_LDFLAGS = "-ObjC";
				PRODUCT_NAME = "$(TARGET_NAME)";
				SKIP_INSTALL = YES;
			};
			name = Release;
		};
/* End XCBuildConfiguration section */

/* Begin XCConfigurationList section */
		C51317DB1D93C97300EA9C9B /* Build configuration list for PBXProject "MKToolsKit" */ = {
			isa = XCConfigurationList;
			buildConfigurations = (
				C51317E71D93C97300EA9C9B /* Debug */,
				C51317E81D93C97300EA9C9B /* Release */,
			);
			defaultConfigurationIsVisible = 0;
			defaultConfigurationName = Release;
		};
		C51317E91D93C97300EA9C9B /* Build configuration list for PBXNativeTarget "MKToolsKit" */ = {
			isa = XCConfigurationList;
			buildConfigurations = (
				C51317EA1D93C97300EA9C9B /* Debug */,
				C51317EB1D93C97300EA9C9B /* Release */,
			);
			defaultConfigurationIsVisible = 0;
			defaultConfigurationName = Release;
		};
/* End XCConfigurationList section */
	};
	rootObject = C51317D81D93C97300EA9C9B /* Project object */;
}
